{
  "name": "drip-table",
  "version": "2.0.0-alpha.3",
  "lockfileVersion": 1,
  "requires": true,
  "dependencies": {
    "@ant-design/colors": {
      "version": "6.0.0",
      "resolved": "http://registry.m.jd.com/@ant-design/colors/download/@ant-design/colors-6.0.0.tgz",
      "integrity": "sha1-m5NmJXz/zEfbQrnQIDu1ksE8Apg=",
      "requires": {
        "@ctrl/tinycolor": "3.4.1"
      }
    },
    "@ant-design/icons": {
      "version": "4.7.0",
      "resolved": "http://registry.m.jd.com/@ant-design/icons/download/@ant-design/icons-4.7.0.tgz",
      "integrity": "sha1-jDy+ClVrqSr13H0ecMCyW1F5rw8=",
      "requires": {
        "@ant-design/colors": "6.0.0",
        "@ant-design/icons-svg": "4.2.1",
        "@babel/runtime": "7.18.9",
        "classnames": "2.3.1",
        "rc-util": "5.23.0"
      },
      "dependencies": {
        "classnames": {
          "version": "2.3.1",
          "resolved": "http://registry.m.jd.com/classnames/download/classnames-2.3.1.tgz",
          "integrity": "sha1-38+jiR4wbsHa0QXQ6I9EF7hTXo4="
        },
        "rc-util": {
          "version": "5.23.0",
          "resolved": "http://registry.m.jd.com/rc-util/download/rc-util-5.23.0.tgz",
          "integrity": "sha1-pYOx7D4YMqgOztenAKSUrwtZB0M=",
          "requires": {
            "@babel/runtime": "7.18.9",
            "react-is": "16.13.1",
            "shallowequal": "1.1.0"
          }
        }
      }
    },
    "@ant-design/icons-svg": {
      "version": "4.2.1",
      "resolved": "http://registry.m.jd.com/@ant-design/icons-svg/download/@ant-design/icons-svg-4.2.1.tgz",
      "integrity": "sha1-hjDajrRHGkqr2u19H/apfcss8Fo="
    },
    "@babel/runtime": {
      "version": "7.18.9",
      "resolved": "http://registry.m.jd.com/@babel/runtime/download/@babel/runtime-7.18.9.tgz",
      "integrity": "sha1-tPz85V2z0uXggNJJD2CKO59Af0o=",
      "requires": {
        "regenerator-runtime": "0.13.9"
      }
    },
    "@ctrl/tinycolor": {
      "version": "3.4.1",
      "resolved": "http://registry.m.jd.com/@ctrl/tinycolor/download/@ctrl/tinycolor-3.4.1.tgz",
      "integrity": "sha1-dbTCeUjIHojM06iQIEe815fzjTI="
    },
    "react-is": {
      "version": "16.13.1",
      "resolved": "http://registry.m.jd.com/react-is/download/react-is-16.13.1.tgz",
      "integrity": "sha1-eJcppNw23imZ3BVt1sHZwYzqVqQ="
    },
    "regenerator-runtime": {
      "version": "0.13.9",
      "resolved": "http://registry.m.jd.com/regenerator-runtime/download/regenerator-runtime-0.13.9.tgz",
      "integrity": "sha1-iSV0Kpj/2QgUmI11Zq0wyjsmO1I="
    },
    "shallowequal": {
      "version": "1.1.0",
      "resolved": "http://registry.m.jd.com/shallowequal/download/shallowequal-1.1.0.tgz",
      "integrity": "sha1-GI1SHelbkIdAT9TctosT3wrk5/g="
    }
  }
}
